
Microsoft Visual Studio Solution File, Format Version 12.00
Project("{FAE04EC0-301F-11D3-BF4B-00C04F79EFBC}") = "RolkeKlausurProjekt", "RolkeKlausurProjekt\RolkeKlausurProjekt.csproj", "{5AF3DECB-88AA-4B70-A8E6-D19B9C32ADCC}"
EndProject
Global
	GlobalSection(SolutionConfigurationPlatforms) = preSolution
		Debug|Any CPU = Debug|Any CPU
		Release|Any CPU = Release|Any CPU
	EndGlobalSection
	GlobalSection(ProjectConfigurationPlatforms) = postSolution
		{5AF3DECB-88AA-4B70-A8E6-D19B9C32ADCC}.Debug|Any CPU.ActiveCfg = Debug|Any CPU
		{5AF3DECB-88AA-4B70-A8E6-D19B9C32ADCC}.Debug|Any CPU.Build.0 = Debug|Any CPU
		{5AF3DECB-88AA-4B70-A8E6-D19B9C32ADCC}.Release|Any CPU.ActiveCfg = Release|Any CPU
		{5AF3DECB-88AA-4B70-A8E6-D19B9C32ADCC}.Release|Any CPU.Build.0 = Release|Any CPU
	EndGlobalSection
EndGlobal
